// !$*UTF8*$!
{
	archiveVersion = 1;
	classes = {
	};
	objectVersion = 50;
	objects = {

/* Begin PBXBuildFile section */
		33554FDA20DE3AF90041F310 /* AppDelegate.swift in Sources */ = {isa = PBXBuildFile; fileRef = 33554FD920DE3AF90041F310 /* AppDelegate.swift */; };
		33554FDC20DE3AF90041F310 /* ViewController.swift in Sources */ = {isa = PBXBuildFile; fileRef = 33554FDB20DE3AF90041F310 /* ViewController.swift */; };
		33554FDF20DE3AFA0041F310 /* Main.storyboard in Resources */ = {isa = PBXBuildFile; fileRef = 33554FDD20DE3AFA0041F310 /* Main.storyboard */; };
		33554FE220DE3AFA0041F310 /* WikiSearch.xcdatamodeld in Sources */ = {isa = PBXBuildFile; fileRef = 33554FE020DE3AFA0041F310 /* WikiSearch.xcdatamodeld */; };
		33554FE420DE3B050041F310 /* Assets.xcassets in Resources */ = {isa = PBXBuildFile; fileRef = 33554FE320DE3B050041F310 /* Assets.xcassets */; };
		33554FE720DE3B050041F310 /* LaunchScreen.storyboard in Resources */ = {isa = PBXBuildFile; fileRef = 33554FE520DE3B050041F310 /* LaunchScreen.storyboard */; };
		33554FF220DE3B060041F310 /* WikiSearchTests.swift in Sources */ = {isa = PBXBuildFile; fileRef = 33554FF120DE3B060041F310 /* WikiSearchTests.swift */; };
		33554FFD20DE3B060041F310 /* WikiSearchUITests.swift in Sources */ = {isa = PBXBuildFile; fileRef = 33554FFC20DE3B060041F310 /* WikiSearchUITests.swift */; };
/* End PBXBuildFile section */

/* Begin PBXContainerItemProxy section */
		33554FEE20DE3B060041F310 /* PBXContainerItemProxy */ = {
			isa = PBXContainerItemProxy;
			containerPortal = 33554FCE20DE3AF90041F310 /* Project object */;
			proxyType = 1;
			remoteGlobalIDString = 33554FD520DE3AF90041F310;
			remoteInfo = WikiSearch;
		};
		33554FF920DE3B060041F310 /* PBXContainerItemProxy */ = {
			isa = PBXContainerItemProxy;
			containerPortal = 33554FCE20DE3AF90041F310 /* Project object */;
			proxyType = 1;
			remoteGlobalIDString = 33554FD520DE3AF90041F310;
			remoteInfo = WikiSearch;
		};
/* End PBXContainerItemProxy section */

/* Begin PBXFileReference section */
		33554FD620DE3AF90041F310 /* WikiSearch.app */ = {isa = PBXFileReference; explicitFileType = wrapper.application; includeInIndex = 0; path = WikiSearch.app; sourceTree = BUILT_PRODUCTS_DIR; };
		33554FD920DE3AF90041F310 /* AppDelegate.swift */ = {isa = PBXFileReference; lastKnownFileType = sourcecode.swift; path = AppDelegate.swift; sourceTree = "<group>"; };
		33554FDB20DE3AF90041F310 /* ViewController.swift */ = {isa = PBXFileReference; lastKnownFileType = sourcecode.swift; path = ViewController.swift; sourceTree = "<group>"; };
		33554FDE20DE3AFA0041F310 /* Base */ = {isa = PBXFileReference; lastKnownFileType = file.storyboard; name = Base; path = Base.lproj/Main.storyboard; sourceTree = "<group>"; };
		33554FE120DE3AFA0041F310 /* WikiSearch.xcdatamodel */ = {isa = PBXFileReference; lastKnownFileType = wrapper.xcdatamodel; path = WikiSearch.xcdatamodel; sourceTree = "<group>"; };
		33554FE320DE3B050041F310 /* Assets.xcassets */ = {isa = PBXFileReference; lastKnownFileType = folder.assetcatalog; path = Assets.xcassets; sourceTree = "<group>"; };
		33554FE620DE3B050041F310 /* Base */ = {isa = PBXFileReference; lastKnownFileType = file.storyboard; name = Base; path = Base.lproj/LaunchScreen.storyboard; sourceTree = "<group>"; };
		33554FE820DE3B050041F310 /* Info.plist */ = {isa = PBXFileReference; lastKnownFileType = text.plist.xml; path = Info.plist; sourceTree = "<group>"; };
		33554FED20DE3B060041F310 /* WikiSearchTests.xctest */ = {isa = PBXFileReference; explicitFileType = wrapper.cfbundle; includeInIndex = 0; path = WikiSearchTests.xctest; sourceTree = BUILT_PRODUCTS_DIR; };
		33554FF120DE3B060041F310 /* WikiSearchTests.swift */ = {isa = PBXFileReference; lastKnownFileType = sourcecode.swift; path = WikiSearchTests.swift; sourceTree = "<group>"; };
		33554FF320DE3B060041F310 /* Info.plist */ = {isa = PBXFileReference; lastKnownFileType = text.plist.xml; path = Info.plist; sourceTree = "<group>"; };
		33554FF820DE3B060041F310 /* WikiSearchUITests.xctest */ = {isa = PBXFileReference; explicitFileType = wrapper.cfbundle; includeInIndex = 0; path = WikiSearchUITests.xctest; sourceTree = BUILT_PRODUCTS_DIR; };
		33554FFC20DE3B060041F310 /* WikiSearchUITests.swift */ = {isa = PBXFileReference; lastKnownFileType = sourcecode.swift; path = WikiSearchUITests.swift; sourceTree = "<group>"; };
		33554FFE20DE3B060041F310 /* Info.plist */ = {isa = PBXFileReference; lastKnownFileType = text.plist.xml; path = Info.plist; sourceTree = "<group>"; };
/* End PBXFileReference section */

/* Begin PBXFrameworksBuildPhase section */
		33554FD320DE3AF90041F310 /* Frameworks */ = {
			isa = PBXFrameworksBuildPhase;
			buildActionMask = 2147483647;
			files = (
			);
			runOnlyForDeploymentPostprocessing = 0;
		};
		33554FEA20DE3B060041F310 /* Frameworks */ = {
			isa = PBXFrameworksBuildPhase;
			buildActionMask = 2147483647;
			files = (
			);
			runOnlyForDeploymentPostprocessing = 0;
		};
		33554FF520DE3B060041F310 /* Frameworks */ = {
			isa = PBXFrameworksBuildPhase;
			buildActionMask = 2147483647;
			files = (
			);
			runOnlyForDeploymentPostprocessing = 0;
		};
/* End PBXFrameworksBuildPhase section */

/* Begin PBXGroup section */
		33554FCD20DE3AF90041F310 = {
			isa = PBXGroup;
			children = (
				33554FD820DE3AF90041F310 /* WikiSearch */,
				33554FF020DE3B060041F310 /* WikiSearchTests */,
				33554FFB20DE3B060041F310 /* WikiSearchUITests */,
				33554FD720DE3AF90041F310 /* Products */,
			);
			sourceTree = "<group>";
		};
		33554FD720DE3AF90041F310 /* Products */ = {
			isa = PBXGroup;
			children = (
				33554FD620DE3AF90041F310 /* WikiSearch.app */,
				33554FED20DE3B060041F310 /* WikiSearchTests.xctest */,
				33554FF820DE3B060041F310 /* WikiSearchUITests.xctest */,
			);
			name = Products;
			sourceTree = "<group>";
		};
		33554FD820DE3AF90041F310 /* WikiSearch */ = {
			isa = PBXGroup;
			children = (
				33554FD920DE3AF90041F310 /* AppDelegate.swift */,
				33554FDB20DE3AF90041F310 /* ViewController.swift */,
				33554FDD20DE3AFA0041F310 /* Main.storyboard */,
				33554FE320DE3B050041F310 /* Assets.xcassets */,
				33554FE520DE3B050041F310 /* LaunchScreen.storyboard */,
				33554FE820DE3B050041F310 /* Info.plist */,
				33554FE020DE3AFA0041F310 /* WikiSearch.xcdatamodeld */,
			);
			path = WikiSearch;
			sourceTree = "<group>";
		};
		33554FF020DE3B060041F310 /* WikiSearchTests */ = {
			isa = PBXGroup;
			children = (
				33554FF120DE3B060041F310 /* WikiSearchTests.swift */,
				33554FF320DE3B060041F310 /* Info.plist */,
			);
			path = WikiSearchTests;
			sourceTree = "<group>";
		};
		33554FFB20DE3B060041F310 /* WikiSearchUITests */ = {
			isa = PBXGroup;
			children = (
				33554FFC20DE3B060041F310 /* WikiSearchUITests.swift */,
				33554FFE20DE3B060041F310 /* Info.plist */,
			);
			path = WikiSearchUITests;
			sourceTree = "<group>";
		};
/* End PBXGroup section */

/* Begin PBXNativeTarget section */
		33554FD520DE3AF90041F310 /* WikiSearch */ = {
			isa = PBXNativeTarget;
			buildConfigurationList = 3355500120DE3B060041F310 /* Build configuration list for PBXNativeTarget "WikiSearch" */;
			buildPhases = (
				33554FD220DE3AF90041F310 /* Sources */,
				33554FD320DE3AF90041F310 /* Frameworks */,
				33554FD420DE3AF90041F310 /* Resources */,
			);
			buildRules = (
			);
			dependencies = (
			);
			name = WikiSearch;
			productName = WikiSearch;
			productReference = 33554FD620DE3AF90041F310 /* WikiSearch.app */;
			productType = "com.apple.product-type.application";
		};
		33554FEC20DE3B060041F310 /* WikiSearchTests */ = {
			isa = PBXNativeTarget;
			buildConfigurationList = 3355500420DE3B060041F310 /* Build configuration list for PBXNativeTarget "WikiSearchTests" */;
			buildPhases = (
				33554FE920DE3B060041F310 /* Sources */,
				33554FEA20DE3B060041F310 /* Frameworks */,
				33554FEB20DE3B060041F310 /* Resources */,
			);
			buildRules = (
			);
			dependencies = (
				33554FEF20DE3B060041F310 /* PBXTargetDependency */,
			);
			name = WikiSearchTests;
			productName = WikiSearchTests;
			productReference = 33554FED20DE3B060041F310 /* WikiSearchTests.xctest */;
			productType = "com.apple.product-type.bundle.unit-test";
		};
		33554FF720DE3B060041F310 /* WikiSearchUITests */ = {
			isa = PBXNativeTarget;
			buildConfigurationList = 3355500720DE3B060041F310 /* Build configuration list for PBXNativeTarget "WikiSearchUITests" */;
			buildPhases = (
				33554FF420DE3B060041F310 /* Sources */,
				33554FF520DE3B060041F310 /* Frameworks */,
				33554FF620DE3B060041F310 /* Resources */,
			);
			buildRules = (
			);
			dependencies = (
				33554FFA20DE3B060041F310 /* PBXTargetDependency */,
			);
			name = WikiSearchUITests;
			productName = WikiSearchUITests;
			productReference = 33554FF820DE3B060041F310 /* WikiSearchUITests.xctest */;
			productType = "com.apple.product-type.bundle.ui-testing";
		};
/* End PBXNativeTarget section */

/* Begin PBXProject section */
		33554FCE20DE3AF90041F310 /* Project object */ = {
			isa = PBXProject;
			attributes = {
				LastSwiftUpdateCheck = 1000;
				LastUpgradeCheck = 1000;
				ORGANIZATIONNAME = Manjunath;
				TargetAttributes = {
					33554FD520DE3AF90041F310 = {
						CreatedOnToolsVersion = 10.0;
					};
					33554FEC20DE3B060041F310 = {
						CreatedOnToolsVersion = 10.0;
						TestTargetID = 33554FD520DE3AF90041F310;
					};
					33554FF720DE3B060041F310 = {
						CreatedOnToolsVersion = 10.0;
						TestTargetID = 33554FD520DE3AF90041F310;
					};
				};
			};
			buildConfigurationList = 33554FD120DE3AF90041F310 /* Build configuration list for PBXProject "WikiSearch" */;
			compatibilityVersion = "Xcode 9.3";
			developmentRegion = en;
			hasScannedForEncodings = 0;
			knownRegions = (
				en,
				Base,
			);
			mainGroup = 33554FCD20DE3AF90041F310;
			productRefGroup = 33554FD720DE3AF90041F310 /* Products */;
			projectDirPath = "";
			projectRoot = "";
			targets = (
				33554FD520DE3AF90041F310 /* WikiSearch */,
				33554FEC20DE3B060041F310 /* WikiSearchTests */,
				33554FF720DE3B060041F310 /* WikiSearchUITests */,
			);
		};
/* End PBXProject section */

/* Begin PBXResourcesBuildPhase section */
		33554FD420DE3AF90041F310 /* Resources */ = {
			isa = PBXResourcesBuildPhase;
			buildActionMask = 2147483647;
			files = (
				33554FE720DE3B050041F310 /* LaunchScreen.storyboard in Resources */,
				33554FE420DE3B050041F310 /* Assets.xcassets in Resources */,
				33554FDF20DE3AFA0041F310 /* Main.storyboard in Resources */,
			);
			runOnlyForDeploymentPostprocessing = 0;
		};
		33554FEB20DE3B060041F310 /* Resources */ = {
			isa = PBXResourcesBuildPhase;
			buildActionMask = 2147483647;
			files = (
			);
			runOnlyForDeploymentPostprocessing = 0;
		};
		33554FF620DE3B060041F310 /* Resources */ = {
			isa = PBXResourcesBuildPhase;
			buildActionMask = 2147483647;
			files = (
			);
			runOnlyForDeploymentPostprocessing = 0;
		};
/* End PBXResourcesBuildPhase section */

/* Begin PBXSourcesBuildPhase section */
		33554FD220DE3AF90041F310 /* Sources */ = {
			isa = PBXSourcesBuildPhase;
			buildActionMask = 2147483647;
			files = (
				33554FDC20DE3AF90041F310 /* ViewController.swift in Sources */,
				33554FE220DE3AFA0041F310 /* WikiSearch.xcdatamodeld in Sources */,
				33554FDA20DE3AF90041F310 /* AppDelegate.swift in Sources */,
			);
			runOnlyForDeploymentPostprocessing = 0;
		};
		33554FE920DE3B060041F310 /* Sources */ = {
			isa = PBXSourcesBuildPhase;
			buildActionMask = 2147483647;
			files = (
				33554FF220DE3B060041F310 /* WikiSearchTests.swift in Sources */,
			);
			runOnlyForDeploymentPostprocessing = 0;
		};
		33554FF420DE3B060041F310 /* Sources */ = {
			isa = PBXSourcesBuildPhase;
			buildActionMask = 2147483647;
			files = (
				33554FFD20DE3B060041F310 /* WikiSearchUITests.swift in Sources */,
			);
			runOnlyForDeploymentPostprocessing = 0;
		};
/* End PBXSourcesBuildPhase section */

/* Begin PBXTargetDependency section */
		33554FEF20DE3B060041F310 /* PBXTargetDependency */ = {
			isa = PBXTargetDependency;
			target = 33554FD520DE3AF90041F310 /* WikiSearch */;
			targetProxy = 33554FEE20DE3B060041F310 /* PBXContainerItemProxy */;
		};
		33554FFA20DE3B060041F310 /* PBXTargetDependency */ = {
			isa = PBXTargetDependency;
			target = 33554FD520DE3AF90041F310 /* WikiSearch */;
			targetProxy = 33554FF920DE3B060041F310 /* PBXContainerItemProxy */;
		};
/* End PBXTargetDependency section */

/* Begin PBXVariantGroup section */
		33554FDD20DE3AFA0041F310 /* Main.storyboard */ = {
			isa = PBXVariantGroup;
			children = (
				33554FDE20DE3AFA0041F310 /* Base */,
			);
			name = Main.storyboard;
			sourceTree = "<group>";
		};
		33554FE520DE3B050041F310 /* LaunchScreen.storyboard */ = {
			isa = PBXVariantGroup;
			children = (
				33554FE620DE3B050041F310 /* Base */,
			);
			name = LaunchScreen.storyboard;
			sourceTree = "<group>";
		};
/* End PBXVariantGroup section */

/* Begin XCBuildConfiguration section */
		33554FFF20DE3B060041F310 /* Debug */ = {
			isa = XCBuildConfiguration;
			buildSettings = {
				ALWAYS_SEARCH_USER_PATHS = NO;
				CLANG_ANALYZER_NONNULL = YES;
				CLANG_ANALYZER_NUMBER_OBJECT_CONVERSION = YES_AGGRESSIVE;
				CLANG_CXX_LANGUAGE_STANDARD = "gnu++14";
				CLANG_CXX_LIBRARY = "libc++";
				CLANG_ENABLE_MODULES = YES;
				CLANG_ENABLE_OBJC_ARC = YES;
				CLANG_ENABLE_OBJC_WEAK = YES;
				CLANG_WARN_BLOCK_CAPTURE_AUTORELEASING = YES;
				CLANG_WARN_BOOL_CONVERSION = YES;
				CLANG_WARN_COMMA = YES;
				CLANG_WARN_CONSTANT_CONVERSION = YES;
				CLANG_WARN_DEPRECATED_OBJC_IMPLEMENTATIONS = YES;
				CLANG_WARN_DIRECT_OBJC_ISA_USAGE = YES_ERROR;
				CLANG_WARN_DOCUMENTATION_COMMENTS = YES;
				CLANG_WARN_EMPTY_BODY = YES;
				CLANG_WARN_ENUM_CONVERSION = YES;
				CLANG_WARN_INFINITE_RECURSION = YES;
				CLANG_WARN_INT_CONVERSION = YES;
				CLANG_WARN_NON_LITERAL_NULL_CONVERSION = YES;
				CLANG_WARN_OBJC_IMPLICIT_RETAIN_SELF = YES;
				CLANG_WARN_OBJC_LITERAL_CONVERSION = YES;
				CLANG_WARN_OBJC_ROOT_CLASS = YES_ERROR;
				CLANG_WARN_RANGE_LOOP_ANALYSIS = YES;
				CLANG_WARN_STRICT_PROTOTYPES = YES;
				CLANG_WARN_SUSPICIOUS_MOVE = YES;
				CLANG_WARN_UNGUARDED_AVAILABILITY = YES_AGGRESSIVE;
				CLANG_WARN_UNREACHABLE_CODE = YES;
				CLANG_WARN__DUPLICATE_METHOD_MATCH = YES;
				CODE_SIGN_IDENTITY = "iPhone Developer";
				COPY_PHASE_STRIP = NO;
				DEBUG_INFORMATION_FORMAT = dwarf;
				ENABLE_STRICT_OBJC_MSGSEND = YES;
				ENABLE_TESTABILITY = YES;
				GCC_C_LANGUAGE_STANDARD = gnu11;
				GCC_DYNAMIC_NO_PIC = NO;
				GCC_NO_COMMON_BLOCKS = YES;
				GCC_OPTIMIZATION_LEVEL = 0;
				GCC_PREPROCESSOR_DEFINITIONS = (
					"DEBUG=1",
					"$(inherited)",
				);
				GCC_WARN_64_TO_32_BIT_CONVERSION = YES;
				GCC_WARN_ABOUT_RETURN_TYPE = YES_ERROR;
				GCC_WARN_UNDECLARED_SELECTOR = YES;
				GCC_WARN_UNINITIALIZED_AUTOS = YES_AGGRESSIVE;
				GCC_WARN_UNUSED_FUNCTION = YES;
				GCC_WARN_UNUSED_VARIABLE = YES;
				IPHONEOS_DEPLOYMENT_TARGET = 12.0;
				MTL_ENABLE_DEBUG_INFO = INCLUDE_SOURCE;
				ONLY_ACTIVE_ARCH = YES;
				SDKROOT = iphoneos;
				SWIFT_ACTIVE_COMPILATION_CONDITIONS = DEBUG;
				SWIFT_OPTIMIZATION_LEVEL = "-Onone";
			};
			name = Debug;
		};
		3355500020DE3B060041F310 /* Release */ = {
			isa = XCBuildConfiguration;
			buildSettings = {
				ALWAYS_SEARCH_USER_PATHS = NO;
				CLANG_ANALYZER_NONNULL = YES;
				CLANG_ANALYZER_NUMBER_OBJECT_CONVERSION = YES_AGGRESSIVE;
				CLANG_CXX_LANGUAGE_STANDARD = "gnu++14";
				CLANG_CXX_LIBRARY = "libc++";
				CLANG_ENABLE_MODULES = YES;
				CLANG_ENABLE_OBJC_ARC = YES;
				CLANG_ENABLE_OBJC_WEAK = YES;
				CLANG_WARN_BLOCK_CAPTURE_AUTORELEASING = YES;
				CLANG_WARN_BOOL_CONVERSION = YES;
				CLANG_WARN_COMMA = YES;
				CLANG_WARN_CONSTANT_CONVERSION = YES;
				CLANG_WARN_DEPRECATED_OBJC_IMPLEMENTATIONS = YES;
				CLANG_WARN_DIRECT_OBJC_ISA_USAGE = YES_ERROR;
				CLANG_WARN_DOCUMENTATION_COMMENTS = YES;
				CLANG_WARN_EMPTY_BODY = YES;
				CLANG_WARN_ENUM_CONVERSION = YES;
				CLANG_WARN_INFINITE_RECURSION = YES;
				CLANG_WARN_INT_CONVERSION = YES;
				CLANG_WARN_NON_LITERAL_NULL_CONVERSION = YES;
				CLANG_WARN_OBJC_IMPLICIT_RETAIN_SELF = YES;
				CLANG_WARN_OBJC_LITERAL_CONVERSION = YES;
				CLANG_WARN_OBJC_ROOT_CLASS = YES_ERROR;
				CLANG_WARN_RANGE_LOOP_ANALYSIS = YES;
				CLANG_WARN_STRICT_PROTOTYPES = YES;
				CLANG_WARN_SUSPICIOUS_MOVE = YES;
				CLANG_WARN_UNGUARDED_AVAILABILITY = YES_AGGRESSIVE;
				CLANG_WARN_UNREACHABLE_CODE = YES;
				CLANG_WARN__DUPLICATE_METHOD_MATCH = YES;
				CODE_SIGN_IDENTITY = "iPhone Developer";
				COPY_PHASE_STRIP = NO;
				DEBUG_INFORMATION_FORMAT = "dwarf-with-dsym";
				ENABLE_NS_ASSERTIONS = NO;
				ENABLE_STRICT_OBJC_MSGSEND = YES;
				GCC_C_LANGUAGE_STANDARD = gnu11;
				GCC_NO_COMMON_BLOCKS = YES;
				GCC_WARN_64_TO_32_BIT_CONVERSION = YES;
				GCC_WARN_ABOUT_RETURN_TYPE = YES_ERROR;
				GCC_WARN_UNDECLARED_SELECTOR = YES;
				GCC_WARN_UNINITIALIZED_AUTOS = YES_AGGRESSIVE;
				GCC_WARN_UNUSED_FUNCTION = YES;
				GCC_WARN_UNUSED_VARIABLE = YES;
				IPHONEOS_DEPLOYMENT_TARGET = 12.0;
				MTL_ENABLE_DEBUG_INFO = NO;
				SDKROOT = iphoneos;
				SWIFT_COMPILATION_MODE = wholemodule;
				SWIFT_OPTIMIZATION_LEVEL = "-O";
				VALIDATE_PRODUCT = YES;
			};
			name = Release;
		};
		3355500220DE3B060041F310 /* Debug */ = {
			isa = XCBuildConfiguration;
			buildSettings = {
				ASSETCATALOG_COMPILER_APPICON_NAME = AppIcon;
				CODE_SIGN_STYLE = Automatic;
				DEVELOPMENT_TEAM = LA28Z2WZ63;
				INFOPLIST_FILE = WikiSearch/Info.plist;
				IPHONEOS_DEPLOYMENT_TARGET = 10.2;
				LD_RUNPATH_SEARCH_PATHS = (
					"$(inherited)",
					"@executable_path/Frameworks",
				);
				PRODUCT_BUNDLE_IDENTIFIER = com.MS.WikiSearch;
				PRODUCT_NAME = "$(TARGET_NAME)";
				SWIFT_VERSION = 4.2;
				TARGETED_DEVICE_FAMILY = 1;
			};
			name = Debug;
		};
		3355500320DE3B060041F310 /* Release */ = {
			isa = XCBuildConfiguration;
			buildSettings = {
				ASSETCATALOG_COMPILER_APPICON_NAME = AppIcon;
				CODE_SIGN_STYLE = Automatic;
				DEVELOPMENT_TEAM = LA28Z2WZ63;
				INFOPLIST_FILE = WikiSearch/Info.plist;
				IPHONEOS_DEPLOYMENT_TARGET = 10.2;
				LD_RUNPATH_SEARCH_PATHS = (
					"$(inherited)",
					"@executable_path/Frameworks",
				);
				PRODUCT_BUNDLE_IDENTIFIER = com.MS.WikiSearch;
				PRODUCT_NAME = "$(TARGET_NAME)";
				SWIFT_VERSION = 4.2;
				TARGETED_DEVICE_FAMILY = 1;
			};
			name = Release;
		};
		3355500520DE3B060041F310 /* Debug */ = {
			isa = XCBuildConfiguration;
			buildSettings = {
				ALWAYS_EMBED_SWIFT_STANDARD_LIBRARIES = YES;
				BUNDLE_LOADER = "$(TEST_HOST)";
				CODE_SIGN_STYLE = Automatic;
				DEVELOPMENT_TEAM = LA28Z2WZ63;
				INFOPLIST_FILE = WikiSearchTests/Info.plist;
				LD_RUNPATH_SEARCH_PATHS = (
					"$(inherited)",
					"@executable_path/Frameworks",
					"@loader_path/Frameworks",
				);
				PRODUCT_BUNDLE_IDENTIFIER = com.MS.WikiSearchTests;
				PRODUCT_NAME = "$(TARGET_NAME)";
				SWIFT_VERSION = 4.2;
				TARGETED_DEVICE_FAMILY = "1,2";
				TEST_HOST = "$(BUILT_PRODUCTS_DIR)/WikiSearch.app/WikiSearch";
			};
			name = Debug;
		};
		3355500620DE3B060041F310 /* Release */ = {
			isa = XCBuildConfiguration;
			buildSettings = {
				ALWAYS_EMBED_SWIFT_STANDARD_LIBRARIES = YES;
				BUNDLE_LOADER = "$(TEST_HOST)";
				CODE_SIGN_STYLE = Automatic;
				DEVELOPMENT_TEAM = LA28Z2WZ63;
				INFOPLIST_FILE = WikiSearchTests/Info.plist;
				LD_RUNPATH_SEARCH_PATHS = (
					"$(inherited)",
					"@executable_path/Frameworks",
					"@loader_path/Frameworks",
				);
				PRODUCT_BUNDLE_IDENTIFIER = com.MS.WikiSearchTests;
				PRODUCT_NAME = "$(TARGET_NAME)";
				SWIFT_VERSION = 4.2;
				TARGETED_DEVICE_FAMILY = "1,2";
				TEST_HOST = "$(BUILT_PRODUCTS_DIR)/WikiSearch.app/WikiSearch";
			};
			name = Release;
		};
		3355500820DE3B060041F310 /* Debug */ = {
			isa = XCBuildConfiguration;
			buildSettings = {
				ALWAYS_EMBED_SWIFT_STANDARD_LIBRARIES = YES;
				CODE_SIGN_STYLE = Automatic;
				DEVELOPMENT_TEAM = LA28Z2WZ63;
				INFOPLIST_FILE = WikiSearchUITests/Info.plist;
				LD_RUNPATH_SEARCH_PATHS = (
					"$(inherited)",
					"@executable_path/Frameworks",
					"@loader_path/Frameworks",
				);
				PRODUCT_BUNDLE_IDENTIFIER = com.MS.WikiSearchUITests;
				PRODUCT_NAME = "$(TARGET_NAME)";
				SWIFT_VERSION = 4.2;
				TARGETED_DEVICE_FAMILY = "1,2";
				TEST_TARGET_NAME = WikiSearch;
			};
			name = Debug;
		};
		3355500920DE3B060041F310 /* Release */ = {
			isa = XCBuildConfiguration;
			buildSettings = {
				ALWAYS_EMBED_SWIFT_STANDARD_LIBRARIES = YES;
				CODE_SIGN_STYLE = Automatic;
				DEVELOPMENT_TEAM = LA28Z2WZ63;
				INFOPLIST_FILE = WikiSearchUITests/Info.plist;
				LD_RUNPATH_SEARCH_PATHS = (
					"$(inherited)",
					"@executable_path/Frameworks",
					"@loader_path/Frameworks",
				);
				PRODUCT_BUNDLE_IDENTIFIER = com.MS.WikiSearchUITests;
				PRODUCT_NAME = "$(TARGET_NAME)";
				SWIFT_VERSION = 4.2;
				TARGETED_DEVICE_FAMILY = "1,2";
				TEST_TARGET_NAME = WikiSearch;
			};
			name = Release;
		};
/* End XCBuildConfiguration section */

/* Begin XCConfigurationList section */
		33554FD120DE3AF90041F310 /* Build configuration list for PBXProject "WikiSearch" */ = {
			isa = XCConfigurationList;
			buildConfigurations = (
				33554FFF20DE3B060041F310 /* Debug */,
				3355500020DE3B060041F310 /* Release */,
			);
			defaultConfigurationIsVisible = 0;
			defaultConfigurationName = Release;
		};
		3355500120DE3B060041F310 /* Build configuration list for PBXNativeTarget "WikiSearch" */ = {
			isa = XCConfigurationList;
			buildConfigurations = (
				3355500220DE3B060041F310 /* Debug */,
				3355500320DE3B060041F310 /* Release */,
			);
			defaultConfigurationIsVisible = 0;
			defaultConfigurationName = Release;
		};
		3355500420DE3B060041F310 /* Build configuration list for PBXNativeTarget "WikiSearchTests" */ = {
			isa = XCConfigurationList;
			buildConfigurations = (
				3355500520DE3B060041F310 /* Debug */,
				3355500620DE3B060041F310 /* Release */,
			);
			defaultConfigurationIsVisible = 0;
			defaultConfigurationName = Release;
		};
		3355500720DE3B060041F310 /* Build configuration list for PBXNativeTarget "WikiSearchUITests" */ = {
			isa = XCConfigurationList;
			buildConfigurations = (
				3355500820DE3B060041F310 /* Debug */,
				3355500920DE3B060041F310 /* Release */,
			);
			defaultConfigurationIsVisible = 0;
			defaultConfigurationName = Release;
		};
/* End XCConfigurationList section */

/* Begin XCVersionGroup section */
		33554FE020DE3AFA0041F310 /* WikiSearch.xcdatamodeld */ = {
			isa = XCVersionGroup;
			children = (
				33554FE120DE3AFA0041F310 /* WikiSearch.xcdatamodel */,
			);
			currentVersion = 33554FE120DE3AFA0041F310 /* WikiSearch.xcdatamodel */;
			path = WikiSearch.xcdatamodeld;
			sourceTree = "<group>";
			versionGroupType = wrapper.xcdatamodel;
		};
/* End XCVersionGroup section */
	};
	rootObject = 33554FCE20DE3AF90041F310 /* Project object */;
}
